<?xml version="1.0" encoding="utf-8"?>
<Project ToolsVersion="4.0" xmlns="http://schemas.microsoft.com/developer/msbuild/2003">
  <ItemGroup>
    <Filter Include="Quelldateien">
      <UniqueIdentifier>{4FC737F1-C7A5-4376-A066-2A32D752A2FF}</UniqueIdentifier>
      <Extensions>cpp;c;cc;cxx;c++;cppm;ixx;def;odl;idl;hpj;bat;asm;asmx</Extensions>
    </Filter>
    <Filter Include="Headerdateien">
      <UniqueIdentifier>{93995380-89BD-4b04-88EB-625FBE52EBFB}</UniqueIdentifier>
      <Extensions>h;hh;hpp;hxx;h++;hm;inl;inc;ipp;xsd</Extensions>
    </Filter>
    <Filter Include="Ressourcendateien">
      <UniqueIdentifier>{67DA6AB6-F800-4c08-8B7A-83BB121AAD01}</UniqueIdentifier>
      <Extensions>rc;ico;cur;bmp;dlg;rc2;rct;bin;rgs;gif;jpg;jpeg;jpe;resx;tiff;tif;png;wav;mfcribbon-ms</Extensions>
    </Filter>
    <Filter Include="Tests">
      <UniqueIdentifier>{5b3cdbb1-58f9-4f7d-b8bb-61859ca52609}</UniqueIdentifier>
    </Filter>
    <Filter Include="eval">
      <UniqueIdentifier>{c0f548a7-d318-4df0-9b89-6f2eaf60356e}</UniqueIdentifier>
    </Filter>
    <Filter Include="movegenerator">
      <UniqueIdentifier>{f173c172-4273-4eca-ac9b-b3456297ba7c}</UniqueIdentifier>
    </Filter>
    <Filter Include="pgn">
      <UniqueIdentifier>{a6862e1e-bb38-4978-8d31-4588093769af}</UniqueIdentifier>
    </Filter>
    <Filter Include="bitbase">
      <UniqueIdentifier>{14ce5dfa-7457-4602-8ef8-95a7d6a033e9}</UniqueIdentifier>
    </Filter>
    <Filter Include="search">
      <UniqueIdentifier>{f53a2a9a-eac7-4fe4-9e71-66231cd56ad0}</UniqueIdentifier>
    </Filter>
    <Filter Include="interface">
      <UniqueIdentifier>{b0dc1192-51ca-4f22-af41-e7e1f7a1f4ba}</UniqueIdentifier>
    </Filter>
    <Filter Include="basics">
      <UniqueIdentifier>{b170a292-c337-4ed6-b164-88032488fb47}</UniqueIdentifier>
    </Filter>
    <Filter Include="nnue">
      <UniqueIdentifier>{ac4400ea-9b03-4962-b270-fd2c4fa4b157}</UniqueIdentifier>
    </Filter>
  </ItemGroup>
  <ItemGroup>
    <ClCompile Include="search\perft.cpp">
      <Filter>Quelldateien</Filter>
    </ClCompile>
    <ClCompile Include="eval\evalendgame.cpp">
      <Filter>eval</Filter>
    </ClCompile>
    <ClCompile Include="interface\winboard.cpp">
      <Filter>interface</Filter>
    </ClCompile>
    <ClCompile Include="Qapla.cpp">
      <Filter>Quelldateien</Filter>
    </ClCompile>
    <ClCompile Include="movegenerator\movegenerator.cpp">
      <Filter>movegenerator</Filter>
    </ClCompile>
    <ClCompile Include="movegenerator\bitboardmasks.cpp">
      <Filter>movegenerator</Filter>
    </ClCompile>
    <ClCompile Include="movegenerator\magics.cpp">
      <Filter>movegenerator</Filter>
    </ClCompile>
    <ClCompile Include="eval\kingpawnattack.cpp">
      <Filter>eval</Filter>
    </ClCompile>
    <ClCompile Include="eval\pawnrace.cpp">
      <Filter>eval</Filter>
    </ClCompile>
    <ClCompile Include="interface\stdtimecontrol.cpp">
      <Filter>interface</Filter>
    </ClCompile>
    <ClCompile Include="eval\kingAttack.cpp">
      <Filter>eval</Filter>
    </ClCompile>
    <ClCompile Include="search\search.cpp">
      <Filter>search</Filter>
    </ClCompile>
    <ClCompile Include="pgn\pgntokenizer.cpp">
      <Filter>pgn</Filter>
    </ClCompile>
    <ClCompile Include="pgn\pgngame.cpp">
      <Filter>pgn</Filter>
    </ClCompile>
    <ClCompile Include="search\whatif.cpp">
      <Filter>search</Filter>
    </ClCompile>
    <ClCompile Include="bitbase\bitbaseindex.cpp">
      <Filter>bitbase</Filter>
    </ClCompile>
    <ClCompile Include="bitbase\bitbasereader.cpp">
      <Filter>bitbase</Filter>
    </ClCompile>
    <ClCompile Include="eval\rook.cpp">
      <Filter>eval</Filter>
    </ClCompile>
    <ClCompile Include="eval\eval.cpp">
      <Filter>eval</Filter>
    </ClCompile>
    <ClCompile Include="search\rootmoves.cpp">
      <Filter>search</Filter>
    </ClCompile>
    <ClCompile Include="basics\pst.cpp">
      <Filter>basics</Filter>
    </ClCompile>
    <ClCompile Include="basics\board.cpp">
      <Filter>basics</Filter>
    </ClCompile>
    <ClCompile Include="basics\basicboard.cpp">
      <Filter>basics</Filter>
    </ClCompile>
    <ClCompile Include="basics\piecesignature.cpp">
      <Filter>basics</Filter>
    </ClCompile>
    <ClCompile Include="eval\pawn.cpp">
      <Filter>eval</Filter>
    </ClCompile>
    <ClCompile Include="search\quiescencese.cpp">
      <Filter>search</Filter>
    </ClCompile>
    <ClCompile Include="bitbase\bitbasegenerator.cpp">
      <Filter>bitbase</Filter>
    </ClCompile>
    <ClCompile Include="bitbase\reverseindex.cpp">
      <Filter>bitbase</Filter>
    </ClCompile>
    <ClCompile Include="bitbase\compress.cpp">
      <Filter>bitbase</Filter>
    </ClCompile>
    <ClCompile Include="basics\hashconstants.cpp">
      <Filter>basics</Filter>
    </ClCompile>
    <ClCompile Include="eval\eval-helper.cpp">
      <Filter>eval</Filter>
    </ClCompile>
    <ClCompile Include="nnue\memory.cpp">
      <Filter>nnue</Filter>
    </ClCompile>
    <ClCompile Include="nnue\misc.cpp">
      <Filter>nnue</Filter>
    </ClCompile>
    <ClCompile Include="nnue\nnue_misc.cpp">
      <Filter>nnue</Filter>
    </ClCompile>
    <ClCompile Include="nnue\features\half_ka_v2_hm.cpp">
      <Filter>nnue</Filter>
    </ClCompile>
    <ClCompile Include="nnue\bitboard.cpp">
      <Filter>nnue</Filter>
    </ClCompile>
    <ClCompile Include="nnue\position.cpp">
      <Filter>nnue</Filter>
    </ClCompile>
    <ClCompile Include="nnue\uci.cpp">
      <Filter>nnue</Filter>
    </ClCompile>
    <ClCompile Include="nnue\evaluate.cpp">
      <Filter>nnue</Filter>
    </ClCompile>
    <ClCompile Include="nnue\network.cpp">
      <Filter>nnue</Filter>
    </ClCompile>
    <ClCompile Include="nnue\engine.cpp">
      <Filter>nnue</Filter>
    </ClCompile>
    <ClCompile Include="nnue\load-ressources.cpp">
      <Filter>nnue</Filter>
    </ClCompile>
  </ItemGroup>
  <ItemGroup>
    <ClInclude Include="basics\movelist.h">
      <Filter>Headerdateien</Filter>
    </ClInclude>
    <ClInclude Include="search\boardadapter.h">
      <Filter>Headerdateien</Filter>
    </ClInclude>
    <ClInclude Include="search\movehistory.h">
      <Filter>Headerdateien</Filter>
    </ClInclude>
    <ClInclude Include="search\perft.h">
      <Filter>Headerdateien</Filter>
    </ClInclude>
    <ClInclude Include="search\searchdef.h">
      <Filter>Headerdateien</Filter>
    </ClInclude>
    <ClInclude Include="search\threadpool.h">
      <Filter>Headerdateien</Filter>
    </ClInclude>
    <ClInclude Include="tests\evalpawntest.h">
      <Filter>Tests</Filter>
    </ClInclude>
    <ClInclude Include="interface\winboard.h">
      <Filter>interface</Filter>
    </ClInclude>
    <ClInclude Include="interface\stdtimecontrol.h">
      <Filter>interface</Filter>
    </ClInclude>
    <ClInclude Include="interface\iwhatIf.h">
      <Filter>interface</Filter>
    </ClInclude>
    <ClInclude Include="interface\isendsearchinfo.h">
      <Filter>interface</Filter>
    </ClInclude>
    <ClInclude Include="interface\iinputoutput.h">
      <Filter>interface</Filter>
    </ClInclude>
    <ClInclude Include="interface\ichessboard.h">
      <Filter>interface</Filter>
    </ClInclude>
    <ClInclude Include="interface\fenscanner.h">
      <Filter>interface</Filter>
    </ClInclude>
    <ClInclude Include="interface\consoleio.h">
      <Filter>interface</Filter>
    </ClInclude>
    <ClInclude Include="interface\computinginfoexchange.h">
      <Filter>interface</Filter>
    </ClInclude>
    <ClInclude Include="interface\clocksetting.h">
      <Filter>interface</Filter>
    </ClInclude>
    <ClInclude Include="eval\eval.h">
      <Filter>eval</Filter>
    </ClInclude>
    <ClInclude Include="eval\evalendgame.h">
      <Filter>eval</Filter>
    </ClInclude>
    <ClInclude Include="interface\winboardprintsearchinfo.h">
      <Filter>interface</Filter>
    </ClInclude>
    <ClInclude Include="tests\evalmobilitytest.h">
      <Filter>Tests</Filter>
    </ClInclude>
    <ClInclude Include="interface\selectinterface.h">
      <Filter>interface</Filter>
    </ClInclude>
    <ClInclude Include="interface\uci.h">
      <Filter>interface</Filter>
    </ClInclude>
    <ClInclude Include="interface\uciprintsearchinfo.h">
      <Filter>interface</Filter>
    </ClInclude>
    <ClInclude Include="interface\chessinterface.h">
      <Filter>interface</Filter>
    </ClInclude>
    <ClInclude Include="movegenerator\bitboardmasks.h">
      <Filter>movegenerator</Filter>
    </ClInclude>
    <ClInclude Include="movegenerator\magics.h">
      <Filter>movegenerator</Filter>
    </ClInclude>
    <ClInclude Include="movegenerator\movegenerator.h">
      <Filter>movegenerator</Filter>
    </ClInclude>
    <ClInclude Include="eval\evalresults.h">
      <Filter>eval</Filter>
    </ClInclude>
    <ClInclude Include="bitbase\bitbase.h">
      <Filter>bitbase</Filter>
    </ClInclude>
    <ClInclude Include="bitbase\bitbasereader.h">
      <Filter>bitbase</Filter>
    </ClInclude>
    <ClInclude Include="bitbase\bitbaseindex.h">
      <Filter>bitbase</Filter>
    </ClInclude>
    <ClInclude Include="bitbase\boardaccess.h">
      <Filter>bitbase</Filter>
    </ClInclude>
    <ClInclude Include="bitbase\piecelist.h">
      <Filter>bitbase</Filter>
    </ClInclude>
    <ClInclude Include="eval\pawnrace.h">
      <Filter>eval</Filter>
    </ClInclude>
    <ClInclude Include="eval\kingpawnattack.h">
      <Filter>eval</Filter>
    </ClInclude>
    <ClInclude Include="eval\kingattack.h">
      <Filter>eval</Filter>
    </ClInclude>
    <ClInclude Include="search\search.h">
      <Filter>search</Filter>
    </ClInclude>
    <ClInclude Include="pgn\pgntokenizer.h">
      <Filter>pgn</Filter>
    </ClInclude>
    <ClInclude Include="pgn\pgnfiletokenizer.h">
      <Filter>pgn</Filter>
    </ClInclude>
    <ClInclude Include="pgn\pgngame.h">
      <Filter>pgn</Filter>
    </ClInclude>
    <ClInclude Include="search\whatIf.h">
      <Filter>search</Filter>
    </ClInclude>
    <ClInclude Include="search\see.h">
      <Filter>search</Filter>
    </ClInclude>
    <ClInclude Include="search\searchparameter.h">
      <Filter>search</Filter>
    </ClInclude>
    <ClInclude Include="eval\rook.h">
      <Filter>eval</Filter>
    </ClInclude>
    <ClInclude Include="search\iterativedeepening.h">
      <Filter>search</Filter>
    </ClInclude>
    <ClInclude Include="search\searchvariables.h">
      <Filter>search</Filter>
    </ClInclude>
    <ClInclude Include="search\extension.h">
      <Filter>search</Filter>
    </ClInclude>
    <ClInclude Include="search\killermove.h">
      <Filter>search</Filter>
    </ClInclude>
    <ClInclude Include="eval\bishop.h">
      <Filter>eval</Filter>
    </ClInclude>
    <ClInclude Include="eval\knight.h">
      <Filter>eval</Filter>
    </ClInclude>
    <ClInclude Include="search\rootmoves.h">
      <Filter>search</Filter>
    </ClInclude>
    <ClInclude Include="search\pv.h">
      <Filter>search</Filter>
    </ClInclude>
    <ClInclude Include="search\moveprovider.h">
      <Filter>search</Filter>
    </ClInclude>
    <ClInclude Include="search\searchstack.h">
      <Filter>search</Filter>
    </ClInclude>
    <ClInclude Include="bitbase\bitbasegenerator.h">
      <Filter>bitbase</Filter>
    </ClInclude>
    <ClInclude Include="search\clockmanager.h">
      <Filter>search</Filter>
    </ClInclude>
    <ClInclude Include="bitbase\huffmancode.h">
      <Filter>bitbase</Filter>
    </ClInclude>
    <ClInclude Include="eval\queen.h">
      <Filter>eval</Filter>
    </ClInclude>
    <ClInclude Include="eval\threat.h">
      <Filter>eval</Filter>
    </ClInclude>
    <ClInclude Include="basics\pst.h">
      <Filter>basics</Filter>
    </ClInclude>
    <ClInclude Include="basics\basicboard.h">
      <Filter>basics</Filter>
    </ClInclude>
    <ClInclude Include="basics\board.h">
      <Filter>basics</Filter>
    </ClInclude>
    <ClInclude Include="basics\piecesignature.h">
      <Filter>basics</Filter>
    </ClInclude>
    <ClInclude Include="basics\types.h">
      <Filter>basics</Filter>
    </ClInclude>
    <ClInclude Include="basics\evalvalue.h">
      <Filter>basics</Filter>
    </ClInclude>
    <ClInclude Include="search\aspirationwindow.h">
      <Filter>search</Filter>
    </ClInclude>
    <ClInclude Include="interface\movescanner.h">
      <Filter>interface</Filter>
    </ClInclude>
    <ClInclude Include="basics\move.h">
      <Filter>basics</Filter>
    </ClInclude>
    <ClInclude Include="basics\materialbalance.h">
      <Filter>basics</Filter>
    </ClInclude>
    <ClInclude Include="basics\boardstate.h">
      <Filter>basics</Filter>
    </ClInclude>
    <ClInclude Include="eval\pawntt.h">
      <Filter>eval</Filter>
    </ClInclude>
    <ClInclude Include="eval\pawn.h">
      <Filter>eval</Filter>
    </ClInclude>
    <ClInclude Include="search\searchstate.h">
      <Filter>search</Filter>
    </ClInclude>
    <ClInclude Include="basics\bits.h">
      <Filter>basics</Filter>
    </ClInclude>
    <ClInclude Include="search\quiescence.h">
      <Filter>search</Filter>
    </ClInclude>
    <ClInclude Include="search\tt.h">
      <Filter>search</Filter>
    </ClInclude>
    <ClInclude Include="search\ttentry.h">
      <Filter>search</Filter>
    </ClInclude>
    <ClInclude Include="search\computinginfo.h">
      <Filter>search</Filter>
    </ClInclude>
    <ClInclude Include="bitbase\compress.h">
      <Filter>bitbase</Filter>
    </ClInclude>
    <ClInclude Include="bitbase\workpackage.h">
      <Filter>bitbase</Filter>
    </ClInclude>
    <ClInclude Include="bitbase\generationstate.h">
      <Filter>bitbase</Filter>
    </ClInclude>
    <ClInclude Include="bitbase\generateresult.h">
      <Filter>bitbase</Filter>
    </ClInclude>
    <ClInclude Include="bitbase\verify.h">
      <Filter>bitbase</Filter>
    </ClInclude>
    <ClInclude Include="bitbase\try.h">
      <Filter>bitbase</Filter>
    </ClInclude>
    <ClInclude Include="bitbase\reverseindex.h">
      <Filter>bitbase</Filter>
    </ClInclude>
    <ClInclude Include="bitbase\deflate.h">
      <Filter>bitbase</Filter>
    </ClInclude>
    <ClInclude Include="basics\hashconstants.h">
      <Filter>basics</Filter>
    </ClInclude>
    <ClInclude Include="eval\print-eval.h">
      <Filter>eval</Filter>
    </ClInclude>
    <ClInclude Include="eval\eval-helper.h">
      <Filter>eval</Filter>
    </ClInclude>
    <ClInclude Include="nnue\network.h">
      <Filter>nnue</Filter>
    </ClInclude>
    <ClInclude Include="nnue\nnue_accumulator.h">
      <Filter>nnue</Filter>
    </ClInclude>
    <ClInclude Include="nnue\nnue_architecture.h">
      <Filter>nnue</Filter>
    </ClInclude>
    <ClInclude Include="nnue\nnue_common.h">
      <Filter>nnue</Filter>
    </ClInclude>
    <ClInclude Include="nnue\nnue_feature_transformer.h">
      <Filter>nnue</Filter>
    </ClInclude>
    <ClInclude Include="nnue\nnue_misc.h">
      <Filter>nnue</Filter>
    </ClInclude>
    <ClInclude Include="nnue\features\half_ka_v2_hm.h">
      <Filter>nnue</Filter>
    </ClInclude>
    <ClInclude Include="nnue\layers\affine_transform.h">
      <Filter>nnue</Filter>
    </ClInclude>
    <ClInclude Include="nnue\layers\affine_transform_sparse_input.h">
      <Filter>nnue</Filter>
    </ClInclude>
    <ClInclude Include="nnue\layers\clipped_relu.h">
      <Filter>nnue</Filter>
    </ClInclude>
    <ClInclude Include="nnue\layers\simd.h">
      <Filter>nnue</Filter>
    </ClInclude>
    <ClInclude Include="nnue\layers\sqr_clipped_relu.h">
      <Filter>nnue</Filter>
    </ClInclude>
    <ClInclude Include="nnue\evaluate.h">
      <Filter>nnue</Filter>
    </ClInclude>
    <ClInclude Include="nnue\memory.h">
      <Filter>nnue</Filter>
    </ClInclude>
    <ClInclude Include="nnue\misc.h">
      <Filter>nnue</Filter>
    </ClInclude>
    <ClInclude Include="nnue\types.h">
      <Filter>nnue</Filter>
    </ClInclude>
    <ClInclude Include="nnue\bitboard.h">
      <Filter>nnue</Filter>
    </ClInclude>
    <ClInclude Include="nnue\position.h">
      <Filter>nnue</Filter>
    </ClInclude>
    <ClInclude Include="nnue\uci.h">
      <Filter>nnue</Filter>
    </ClInclude>
    <ClInclude Include="nnue\incbin.h">
      <Filter>nnue</Filter>
    </ClInclude>
    <ClInclude Include="nnue\engine.h">
      <Filter>nnue</Filter>
    </ClInclude>
    <ClInclude Include="nnue\load-ressources.h">
      <Filter>nnue</Filter>
    </ClInclude>
  </ItemGroup>
  <ItemGroup>
    <None Include="README.md" />
    <None Include="CHANGELOG.md" />
    <None Include="version.md" />
    <None Include="nnue\UNLICENCE">
      <Filter>nnue</Filter>
    </None>
  </ItemGroup>
  <ItemGroup>
    <ResourceCompile Include="nnue\nnue-files.rc">
      <Filter>nnue</Filter>
    </ResourceCompile>
  </ItemGroup>
</Project>