
Microsoft Visual Studio Solution File, Format Version 12.00
# Visual Studio Version 16
VisualStudioVersion = 16.0.30907.101
MinimumVisualStudioVersion = 10.0.40219.1
Project("{8BC9CEB8-8B4A-11D0-8D11-00A0C91BC942}") = "Qapla", "Qapla.vcxproj", "{3BA6A7D9-12B5-4331-9C33-0EE02045EAAB}"
EndProject
Project("{8BC9CEB8-8B4A-11D0-8D11-00A0C91BC942}") = "QaplaMake", "..\QaplaMake\QaplaMake.vcxproj", "{38BF8083-16ED-4771-B690-75B48F618F4F}"
EndProject
Global
	GlobalSection(SolutionConfigurationPlatforms) = preSolution
		Debug|ARM = Debug|ARM
		Debug|ARM64 = Debug|ARM64
		Debug|x64 = Debug|x64
		Debug|x86 = Debug|x86
		Release|ARM = Release|ARM
		Release|ARM64 = Release|ARM64
		Release|x64 = Release|x64
		Release|x86 = Release|x86
		Test0|ARM = Test0|ARM
		Test0|ARM64 = Test0|ARM64
		Test0|x64 = Test0|x64
		Test0|x86 = Test0|x86
		Test1|ARM = Test1|ARM
		Test1|ARM64 = Test1|ARM64
		Test1|x64 = Test1|x64
		Test1|x86 = Test1|x86
		Test10|ARM = Test10|ARM
		Test10|ARM64 = Test10|ARM64
		Test10|x64 = Test10|x64
		Test10|x86 = Test10|x86
		Test2|ARM = Test2|ARM
		Test2|ARM64 = Test2|ARM64
		Test2|x64 = Test2|x64
		Test2|x86 = Test2|x86
		Test3|ARM = Test3|ARM
		Test3|ARM64 = Test3|ARM64
		Test3|x64 = Test3|x64
		Test3|x86 = Test3|x86
		Test4|ARM = Test4|ARM
		Test4|ARM64 = Test4|ARM64
		Test4|x64 = Test4|x64
		Test4|x86 = Test4|x86
		Test5|ARM = Test5|ARM
		Test5|ARM64 = Test5|ARM64
		Test5|x64 = Test5|x64
		Test5|x86 = Test5|x86
		Test6|ARM = Test6|ARM
		Test6|ARM64 = Test6|ARM64
		Test6|x64 = Test6|x64
		Test6|x86 = Test6|x86
		Test7|ARM = Test7|ARM
		Test7|ARM64 = Test7|ARM64
		Test7|x64 = Test7|x64
		Test7|x86 = Test7|x86
		Test8|ARM = Test8|ARM
		Test8|ARM64 = Test8|ARM64
		Test8|x64 = Test8|x64
		Test8|x86 = Test8|x86
		Test9|ARM = Test9|ARM
		Test9|ARM64 = Test9|ARM64
		Test9|x64 = Test9|x64
		Test9|x86 = Test9|x86
		WHATIF|ARM = WHATIF|ARM
		WHATIF|ARM64 = WHATIF|ARM64
		WHATIF|x64 = WHATIF|x64
		WHATIF|x86 = WHATIF|x86
	EndGlobalSection
	GlobalSection(ProjectConfigurationPlatforms) = postSolution
		{3BA6A7D9-12B5-4331-9C33-0EE02045EAAB}.Debug|ARM.ActiveCfg = Debug|ARM
		{3BA6A7D9-12B5-4331-9C33-0EE02045EAAB}.Debug|ARM.Build.0 = Debug|ARM
		{3BA6A7D9-12B5-4331-9C33-0EE02045EAAB}.Debug|ARM64.ActiveCfg = Debug|Win32
		{3BA6A7D9-12B5-4331-9C33-0EE02045EAAB}.Debug|x64.ActiveCfg = Debug|x64
		{3BA6A7D9-12B5-4331-9C33-0EE02045EAAB}.Debug|x64.Build.0 = Debug|x64
		{3BA6A7D9-12B5-4331-9C33-0EE02045EAAB}.Debug|x86.ActiveCfg = Debug|Win32
		{3BA6A7D9-12B5-4331-9C33-0EE02045EAAB}.Debug|x86.Build.0 = Debug|Win32
		{3BA6A7D9-12B5-4331-9C33-0EE02045EAAB}.Release|ARM.ActiveCfg = Release|ARM
		{3BA6A7D9-12B5-4331-9C33-0EE02045EAAB}.Release|ARM.Build.0 = Release|ARM
		{3BA6A7D9-12B5-4331-9C33-0EE02045EAAB}.Release|ARM64.ActiveCfg = Release|Win32
		{3BA6A7D9-12B5-4331-9C33-0EE02045EAAB}.Release|x64.ActiveCfg = Release|x64
		{3BA6A7D9-12B5-4331-9C33-0EE02045EAAB}.Release|x64.Build.0 = Release|x64
		{3BA6A7D9-12B5-4331-9C33-0EE02045EAAB}.Release|x86.ActiveCfg = Release|Win32
		{3BA6A7D9-12B5-4331-9C33-0EE02045EAAB}.Release|x86.Build.0 = Release|Win32
		{3BA6A7D9-12B5-4331-9C33-0EE02045EAAB}.Test0|ARM.ActiveCfg = Test0|ARM
		{3BA6A7D9-12B5-4331-9C33-0EE02045EAAB}.Test0|ARM.Build.0 = Test0|ARM
		{3BA6A7D9-12B5-4331-9C33-0EE02045EAAB}.Test0|ARM64.ActiveCfg = Test0|Win32
		{3BA6A7D9-12B5-4331-9C33-0EE02045EAAB}.Test0|x64.ActiveCfg = Test0|x64
		{3BA6A7D9-12B5-4331-9C33-0EE02045EAAB}.Test0|x64.Build.0 = Test0|x64
		{3BA6A7D9-12B5-4331-9C33-0EE02045EAAB}.Test0|x86.ActiveCfg = Test0|Win32
		{3BA6A7D9-12B5-4331-9C33-0EE02045EAAB}.Test0|x86.Build.0 = Test0|Win32
		{3BA6A7D9-12B5-4331-9C33-0EE02045EAAB}.Test1|ARM.ActiveCfg = Test1|ARM
		{3BA6A7D9-12B5-4331-9C33-0EE02045EAAB}.Test1|ARM.Build.0 = Test1|ARM
		{3BA6A7D9-12B5-4331-9C33-0EE02045EAAB}.Test1|ARM64.ActiveCfg = Test1|Win32
		{3BA6A7D9-12B5-4331-9C33-0EE02045EAAB}.Test1|x64.ActiveCfg = Test1|x64
		{3BA6A7D9-12B5-4331-9C33-0EE02045EAAB}.Test1|x64.Build.0 = Test1|x64
		{3BA6A7D9-12B5-4331-9C33-0EE02045EAAB}.Test1|x86.ActiveCfg = Test1|Win32
		{3BA6A7D9-12B5-4331-9C33-0EE02045EAAB}.Test1|x86.Build.0 = Test1|Win32
		{3BA6A7D9-12B5-4331-9C33-0EE02045EAAB}.Test10|ARM.ActiveCfg = Test10|ARM
		{3BA6A7D9-12B5-4331-9C33-0EE02045EAAB}.Test10|ARM.Build.0 = Test10|ARM
		{3BA6A7D9-12B5-4331-9C33-0EE02045EAAB}.Test10|ARM64.ActiveCfg = Test10|Win32
		{3BA6A7D9-12B5-4331-9C33-0EE02045EAAB}.Test10|x64.ActiveCfg = Test0|x64
		{3BA6A7D9-12B5-4331-9C33-0EE02045EAAB}.Test10|x64.Build.0 = Test0|x64
		{3BA6A7D9-12B5-4331-9C33-0EE02045EAAB}.Test10|x86.ActiveCfg = Test10|Win32
		{3BA6A7D9-12B5-4331-9C33-0EE02045EAAB}.Test10|x86.Build.0 = Test10|Win32
		{3BA6A7D9-12B5-4331-9C33-0EE02045EAAB}.Test2|ARM.ActiveCfg = Test2|ARM
		{3BA6A7D9-12B5-4331-9C33-0EE02045EAAB}.Test2|ARM.Build.0 = Test2|ARM
		{3BA6A7D9-12B5-4331-9C33-0EE02045EAAB}.Test2|ARM64.ActiveCfg = Test2|Win32
		{3BA6A7D9-12B5-4331-9C33-0EE02045EAAB}.Test2|x64.ActiveCfg = Test2|x64
		{3BA6A7D9-12B5-4331-9C33-0EE02045EAAB}.Test2|x64.Build.0 = Test2|x64
		{3BA6A7D9-12B5-4331-9C33-0EE02045EAAB}.Test2|x86.ActiveCfg = Test2|Win32
		{3BA6A7D9-12B5-4331-9C33-0EE02045EAAB}.Test2|x86.Build.0 = Test2|Win32
		{3BA6A7D9-12B5-4331-9C33-0EE02045EAAB}.Test3|ARM.ActiveCfg = Test3|ARM
		{3BA6A7D9-12B5-4331-9C33-0EE02045EAAB}.Test3|ARM.Build.0 = Test3|ARM
		{3BA6A7D9-12B5-4331-9C33-0EE02045EAAB}.Test3|ARM64.ActiveCfg = Test3|Win32
		{3BA6A7D9-12B5-4331-9C33-0EE02045EAAB}.Test3|x64.ActiveCfg = Test3|x64
		{3BA6A7D9-12B5-4331-9C33-0EE02045EAAB}.Test3|x64.Build.0 = Test3|x64
		{3BA6A7D9-12B5-4331-9C33-0EE02045EAAB}.Test3|x86.ActiveCfg = Test3|Win32
		{3BA6A7D9-12B5-4331-9C33-0EE02045EAAB}.Test3|x86.Build.0 = Test3|Win32
		{3BA6A7D9-12B5-4331-9C33-0EE02045EAAB}.Test4|ARM.ActiveCfg = Test4|ARM
		{3BA6A7D9-12B5-4331-9C33-0EE02045EAAB}.Test4|ARM.Build.0 = Test4|ARM
		{3BA6A7D9-12B5-4331-9C33-0EE02045EAAB}.Test4|ARM64.ActiveCfg = Test4|Win32
		{3BA6A7D9-12B5-4331-9C33-0EE02045EAAB}.Test4|x64.ActiveCfg = Test4|x64
		{3BA6A7D9-12B5-4331-9C33-0EE02045EAAB}.Test4|x64.Build.0 = Test4|x64
		{3BA6A7D9-12B5-4331-9C33-0EE02045EAAB}.Test4|x86.ActiveCfg = Test4|Win32
		{3BA6A7D9-12B5-4331-9C33-0EE02045EAAB}.Test4|x86.Build.0 = Test4|Win32
		{3BA6A7D9-12B5-4331-9C33-0EE02045EAAB}.Test5|ARM.ActiveCfg = Test5|ARM
		{3BA6A7D9-12B5-4331-9C33-0EE02045EAAB}.Test5|ARM.Build.0 = Test5|ARM
		{3BA6A7D9-12B5-4331-9C33-0EE02045EAAB}.Test5|ARM64.ActiveCfg = Test5|Win32
		{3BA6A7D9-12B5-4331-9C33-0EE02045EAAB}.Test5|x64.ActiveCfg = Test5|x64
		{3BA6A7D9-12B5-4331-9C33-0EE02045EAAB}.Test5|x64.Build.0 = Test5|x64
		{3BA6A7D9-12B5-4331-9C33-0EE02045EAAB}.Test5|x86.ActiveCfg = Test5|Win32
		{3BA6A7D9-12B5-4331-9C33-0EE02045EAAB}.Test5|x86.Build.0 = Test5|Win32
		{3BA6A7D9-12B5-4331-9C33-0EE02045EAAB}.Test6|ARM.ActiveCfg = Test6|ARM
		{3BA6A7D9-12B5-4331-9C33-0EE02045EAAB}.Test6|ARM.Build.0 = Test6|ARM
		{3BA6A7D9-12B5-4331-9C33-0EE02045EAAB}.Test6|ARM64.ActiveCfg = Test6|Win32
		{3BA6A7D9-12B5-4331-9C33-0EE02045EAAB}.Test6|x64.ActiveCfg = Test6|x64
		{3BA6A7D9-12B5-4331-9C33-0EE02045EAAB}.Test6|x64.Build.0 = Test6|x64
		{3BA6A7D9-12B5-4331-9C33-0EE02045EAAB}.Test6|x86.ActiveCfg = Test6|Win32
		{3BA6A7D9-12B5-4331-9C33-0EE02045EAAB}.Test6|x86.Build.0 = Test6|Win32
		{3BA6A7D9-12B5-4331-9C33-0EE02045EAAB}.Test7|ARM.ActiveCfg = Test7|ARM
		{3BA6A7D9-12B5-4331-9C33-0EE02045EAAB}.Test7|ARM.Build.0 = Test7|ARM
		{3BA6A7D9-12B5-4331-9C33-0EE02045EAAB}.Test7|ARM64.ActiveCfg = Test7|Win32
		{3BA6A7D9-12B5-4331-9C33-0EE02045EAAB}.Test7|x64.ActiveCfg = Test7|x64
		{3BA6A7D9-12B5-4331-9C33-0EE02045EAAB}.Test7|x64.Build.0 = Test7|x64
		{3BA6A7D9-12B5-4331-9C33-0EE02045EAAB}.Test7|x86.ActiveCfg = Test7|Win32
		{3BA6A7D9-12B5-4331-9C33-0EE02045EAAB}.Test7|x86.Build.0 = Test7|Win32
		{3BA6A7D9-12B5-4331-9C33-0EE02045EAAB}.Test8|ARM.ActiveCfg = Test8|ARM
		{3BA6A7D9-12B5-4331-9C33-0EE02045EAAB}.Test8|ARM.Build.0 = Test8|ARM
		{3BA6A7D9-12B5-4331-9C33-0EE02045EAAB}.Test8|ARM64.ActiveCfg = Test8|Win32
		{3BA6A7D9-12B5-4331-9C33-0EE02045EAAB}.Test8|x64.ActiveCfg = Test8|x64
		{3BA6A7D9-12B5-4331-9C33-0EE02045EAAB}.Test8|x64.Build.0 = Test8|x64
		{3BA6A7D9-12B5-4331-9C33-0EE02045EAAB}.Test8|x86.ActiveCfg = Test8|Win32
		{3BA6A7D9-12B5-4331-9C33-0EE02045EAAB}.Test8|x86.Build.0 = Test8|Win32
		{3BA6A7D9-12B5-4331-9C33-0EE02045EAAB}.Test9|ARM.ActiveCfg = Test9|ARM
		{3BA6A7D9-12B5-4331-9C33-0EE02045EAAB}.Test9|ARM.Build.0 = Test9|ARM
		{3BA6A7D9-12B5-4331-9C33-0EE02045EAAB}.Test9|ARM64.ActiveCfg = Test9|Win32
		{3BA6A7D9-12B5-4331-9C33-0EE02045EAAB}.Test9|x64.ActiveCfg = Test9|x64
		{3BA6A7D9-12B5-4331-9C33-0EE02045EAAB}.Test9|x64.Build.0 = Test9|x64
		{3BA6A7D9-12B5-4331-9C33-0EE02045EAAB}.Test9|x86.ActiveCfg = Test9|Win32
		{3BA6A7D9-12B5-4331-9C33-0EE02045EAAB}.Test9|x86.Build.0 = Test9|Win32
		{3BA6A7D9-12B5-4331-9C33-0EE02045EAAB}.WHATIF|ARM.ActiveCfg = WHATIF|ARM
		{3BA6A7D9-12B5-4331-9C33-0EE02045EAAB}.WHATIF|ARM.Build.0 = WHATIF|ARM
		{3BA6A7D9-12B5-4331-9C33-0EE02045EAAB}.WHATIF|ARM64.ActiveCfg = WHATIF|Win32
		{3BA6A7D9-12B5-4331-9C33-0EE02045EAAB}.WHATIF|x64.ActiveCfg = WHATIF|x64
		{3BA6A7D9-12B5-4331-9C33-0EE02045EAAB}.WHATIF|x64.Build.0 = WHATIF|x64
		{3BA6A7D9-12B5-4331-9C33-0EE02045EAAB}.WHATIF|x86.ActiveCfg = WHATIF|Win32
		{3BA6A7D9-12B5-4331-9C33-0EE02045EAAB}.WHATIF|x86.Build.0 = WHATIF|Win32
		{38BF8083-16ED-4771-B690-75B48F618F4F}.Debug|ARM.ActiveCfg = Debug|ARM
		{38BF8083-16ED-4771-B690-75B48F618F4F}.Debug|ARM.Build.0 = Debug|ARM
		{38BF8083-16ED-4771-B690-75B48F618F4F}.Debug|ARM.Deploy.0 = Debug|ARM
		{38BF8083-16ED-4771-B690-75B48F618F4F}.Debug|ARM64.ActiveCfg = Debug|ARM64
		{38BF8083-16ED-4771-B690-75B48F618F4F}.Debug|ARM64.Build.0 = Debug|ARM64
		{38BF8083-16ED-4771-B690-75B48F618F4F}.Debug|ARM64.Deploy.0 = Debug|ARM64
		{38BF8083-16ED-4771-B690-75B48F618F4F}.Debug|x64.ActiveCfg = Debug|x64
		{38BF8083-16ED-4771-B690-75B48F618F4F}.Debug|x64.Build.0 = Debug|x64
		{38BF8083-16ED-4771-B690-75B48F618F4F}.Debug|x64.Deploy.0 = Debug|x64
		{38BF8083-16ED-4771-B690-75B48F618F4F}.Debug|x86.ActiveCfg = Debug|x86
		{38BF8083-16ED-4771-B690-75B48F618F4F}.Debug|x86.Build.0 = Debug|x86
		{38BF8083-16ED-4771-B690-75B48F618F4F}.Debug|x86.Deploy.0 = Debug|x86
		{38BF8083-16ED-4771-B690-75B48F618F4F}.Release|ARM.ActiveCfg = Release|ARM
		{38BF8083-16ED-4771-B690-75B48F618F4F}.Release|ARM.Build.0 = Release|ARM
		{38BF8083-16ED-4771-B690-75B48F618F4F}.Release|ARM.Deploy.0 = Release|ARM
		{38BF8083-16ED-4771-B690-75B48F618F4F}.Release|ARM64.ActiveCfg = Release|ARM64
		{38BF8083-16ED-4771-B690-75B48F618F4F}.Release|ARM64.Build.0 = Release|ARM64
		{38BF8083-16ED-4771-B690-75B48F618F4F}.Release|ARM64.Deploy.0 = Release|ARM64
		{38BF8083-16ED-4771-B690-75B48F618F4F}.Release|x64.ActiveCfg = Release|x64
		{38BF8083-16ED-4771-B690-75B48F618F4F}.Release|x64.Build.0 = Release|x64
		{38BF8083-16ED-4771-B690-75B48F618F4F}.Release|x64.Deploy.0 = Release|x64
		{38BF8083-16ED-4771-B690-75B48F618F4F}.Release|x86.ActiveCfg = Release|x86
		{38BF8083-16ED-4771-B690-75B48F618F4F}.Release|x86.Build.0 = Release|x86
		{38BF8083-16ED-4771-B690-75B48F618F4F}.Release|x86.Deploy.0 = Release|x86
		{38BF8083-16ED-4771-B690-75B48F618F4F}.Test0|ARM.ActiveCfg = Debug|ARM
		{38BF8083-16ED-4771-B690-75B48F618F4F}.Test0|ARM.Build.0 = Debug|ARM
		{38BF8083-16ED-4771-B690-75B48F618F4F}.Test0|ARM.Deploy.0 = Debug|ARM
		{38BF8083-16ED-4771-B690-75B48F618F4F}.Test0|ARM64.ActiveCfg = Debug|ARM64
		{38BF8083-16ED-4771-B690-75B48F618F4F}.Test0|ARM64.Build.0 = Debug|ARM64
		{38BF8083-16ED-4771-B690-75B48F618F4F}.Test0|ARM64.Deploy.0 = Debug|ARM64
		{38BF8083-16ED-4771-B690-75B48F618F4F}.Test0|x64.ActiveCfg = Debug|x64
		{38BF8083-16ED-4771-B690-75B48F618F4F}.Test0|x64.Build.0 = Debug|x64
		{38BF8083-16ED-4771-B690-75B48F618F4F}.Test0|x64.Deploy.0 = Debug|x64
		{38BF8083-16ED-4771-B690-75B48F618F4F}.Test0|x86.ActiveCfg = Debug|x86
		{38BF8083-16ED-4771-B690-75B48F618F4F}.Test0|x86.Build.0 = Debug|x86
		{38BF8083-16ED-4771-B690-75B48F618F4F}.Test0|x86.Deploy.0 = Debug|x86
		{38BF8083-16ED-4771-B690-75B48F618F4F}.Test1|ARM.ActiveCfg = Debug|ARM
		{38BF8083-16ED-4771-B690-75B48F618F4F}.Test1|ARM.Build.0 = Debug|ARM
		{38BF8083-16ED-4771-B690-75B48F618F4F}.Test1|ARM.Deploy.0 = Debug|ARM
		{38BF8083-16ED-4771-B690-75B48F618F4F}.Test1|ARM64.ActiveCfg = Debug|ARM64
		{38BF8083-16ED-4771-B690-75B48F618F4F}.Test1|ARM64.Build.0 = Debug|ARM64
		{38BF8083-16ED-4771-B690-75B48F618F4F}.Test1|ARM64.Deploy.0 = Debug|ARM64
		{38BF8083-16ED-4771-B690-75B48F618F4F}.Test1|x64.ActiveCfg = Debug|x64
		{38BF8083-16ED-4771-B690-75B48F618F4F}.Test1|x64.Build.0 = Debug|x64
		{38BF8083-16ED-4771-B690-75B48F618F4F}.Test1|x64.Deploy.0 = Debug|x64
		{38BF8083-16ED-4771-B690-75B48F618F4F}.Test1|x86.ActiveCfg = Debug|x86
		{38BF8083-16ED-4771-B690-75B48F618F4F}.Test1|x86.Build.0 = Debug|x86
		{38BF8083-16ED-4771-B690-75B48F618F4F}.Test1|x86.Deploy.0 = Debug|x86
		{38BF8083-16ED-4771-B690-75B48F618F4F}.Test10|ARM.ActiveCfg = Debug|ARM
		{38BF8083-16ED-4771-B690-75B48F618F4F}.Test10|ARM.Build.0 = Debug|ARM
		{38BF8083-16ED-4771-B690-75B48F618F4F}.Test10|ARM.Deploy.0 = Debug|ARM
		{38BF8083-16ED-4771-B690-75B48F618F4F}.Test10|ARM64.ActiveCfg = Debug|ARM64
		{38BF8083-16ED-4771-B690-75B48F618F4F}.Test10|ARM64.Build.0 = Debug|ARM64
		{38BF8083-16ED-4771-B690-75B48F618F4F}.Test10|ARM64.Deploy.0 = Debug|ARM64
		{38BF8083-16ED-4771-B690-75B48F618F4F}.Test10|x64.ActiveCfg = Debug|x64
		{38BF8083-16ED-4771-B690-75B48F618F4F}.Test10|x64.Build.0 = Debug|x64
		{38BF8083-16ED-4771-B690-75B48F618F4F}.Test10|x64.Deploy.0 = Debug|x64
		{38BF8083-16ED-4771-B690-75B48F618F4F}.Test10|x86.ActiveCfg = Debug|x86
		{38BF8083-16ED-4771-B690-75B48F618F4F}.Test10|x86.Build.0 = Debug|x86
		{38BF8083-16ED-4771-B690-75B48F618F4F}.Test10|x86.Deploy.0 = Debug|x86
		{38BF8083-16ED-4771-B690-75B48F618F4F}.Test2|ARM.ActiveCfg = Debug|ARM
		{38BF8083-16ED-4771-B690-75B48F618F4F}.Test2|ARM.Build.0 = Debug|ARM
		{38BF8083-16ED-4771-B690-75B48F618F4F}.Test2|ARM.Deploy.0 = Debug|ARM
		{38BF8083-16ED-4771-B690-75B48F618F4F}.Test2|ARM64.ActiveCfg = Debug|ARM64
		{38BF8083-16ED-4771-B690-75B48F618F4F}.Test2|ARM64.Build.0 = Debug|ARM64
		{38BF8083-16ED-4771-B690-75B48F618F4F}.Test2|ARM64.Deploy.0 = Debug|ARM64
		{38BF8083-16ED-4771-B690-75B48F618F4F}.Test2|x64.ActiveCfg = Debug|x64
		{38BF8083-16ED-4771-B690-75B48F618F4F}.Test2|x64.Build.0 = Debug|x64
		{38BF8083-16ED-4771-B690-75B48F618F4F}.Test2|x64.Deploy.0 = Debug|x64
		{38BF8083-16ED-4771-B690-75B48F618F4F}.Test2|x86.ActiveCfg = Debug|x86
		{38BF8083-16ED-4771-B690-75B48F618F4F}.Test2|x86.Build.0 = Debug|x86
		{38BF8083-16ED-4771-B690-75B48F618F4F}.Test2|x86.Deploy.0 = Debug|x86
		{38BF8083-16ED-4771-B690-75B48F618F4F}.Test3|ARM.ActiveCfg = Debug|ARM
		{38BF8083-16ED-4771-B690-75B48F618F4F}.Test3|ARM.Build.0 = Debug|ARM
		{38BF8083-16ED-4771-B690-75B48F618F4F}.Test3|ARM.Deploy.0 = Debug|ARM
		{38BF8083-16ED-4771-B690-75B48F618F4F}.Test3|ARM64.ActiveCfg = Debug|ARM64
		{38BF8083-16ED-4771-B690-75B48F618F4F}.Test3|ARM64.Build.0 = Debug|ARM64
		{38BF8083-16ED-4771-B690-75B48F618F4F}.Test3|ARM64.Deploy.0 = Debug|ARM64
		{38BF8083-16ED-4771-B690-75B48F618F4F}.Test3|x64.ActiveCfg = Debug|x64
		{38BF8083-16ED-4771-B690-75B48F618F4F}.Test3|x64.Build.0 = Debug|x64
		{38BF8083-16ED-4771-B690-75B48F618F4F}.Test3|x64.Deploy.0 = Debug|x64
		{38BF8083-16ED-4771-B690-75B48F618F4F}.Test3|x86.ActiveCfg = Debug|x86
		{38BF8083-16ED-4771-B690-75B48F618F4F}.Test3|x86.Build.0 = Debug|x86
		{38BF8083-16ED-4771-B690-75B48F618F4F}.Test3|x86.Deploy.0 = Debug|x86
		{38BF8083-16ED-4771-B690-75B48F618F4F}.Test4|ARM.ActiveCfg = Debug|ARM
		{38BF8083-16ED-4771-B690-75B48F618F4F}.Test4|ARM.Build.0 = Debug|ARM
		{38BF8083-16ED-4771-B690-75B48F618F4F}.Test4|ARM.Deploy.0 = Debug|ARM
		{38BF8083-16ED-4771-B690-75B48F618F4F}.Test4|ARM64.ActiveCfg = Debug|ARM64
		{38BF8083-16ED-4771-B690-75B48F618F4F}.Test4|ARM64.Build.0 = Debug|ARM64
		{38BF8083-16ED-4771-B690-75B48F618F4F}.Test4|ARM64.Deploy.0 = Debug|ARM64
		{38BF8083-16ED-4771-B690-75B48F618F4F}.Test4|x64.ActiveCfg = Debug|x64
		{38BF8083-16ED-4771-B690-75B48F618F4F}.Test4|x64.Build.0 = Debug|x64
		{38BF8083-16ED-4771-B690-75B48F618F4F}.Test4|x64.Deploy.0 = Debug|x64
		{38BF8083-16ED-4771-B690-75B48F618F4F}.Test4|x86.ActiveCfg = Debug|x86
		{38BF8083-16ED-4771-B690-75B48F618F4F}.Test4|x86.Build.0 = Debug|x86
		{38BF8083-16ED-4771-B690-75B48F618F4F}.Test4|x86.Deploy.0 = Debug|x86
		{38BF8083-16ED-4771-B690-75B48F618F4F}.Test5|ARM.ActiveCfg = Debug|ARM
		{38BF8083-16ED-4771-B690-75B48F618F4F}.Test5|ARM.Build.0 = Debug|ARM
		{38BF8083-16ED-4771-B690-75B48F618F4F}.Test5|ARM.Deploy.0 = Debug|ARM
		{38BF8083-16ED-4771-B690-75B48F618F4F}.Test5|ARM64.ActiveCfg = Debug|ARM64
		{38BF8083-16ED-4771-B690-75B48F618F4F}.Test5|ARM64.Build.0 = Debug|ARM64
		{38BF8083-16ED-4771-B690-75B48F618F4F}.Test5|ARM64.Deploy.0 = Debug|ARM64
		{38BF8083-16ED-4771-B690-75B48F618F4F}.Test5|x64.ActiveCfg = Debug|x64
		{38BF8083-16ED-4771-B690-75B48F618F4F}.Test5|x64.Build.0 = Debug|x64
		{38BF8083-16ED-4771-B690-75B48F618F4F}.Test5|x64.Deploy.0 = Debug|x64
		{38BF8083-16ED-4771-B690-75B48F618F4F}.Test5|x86.ActiveCfg = Debug|x86
		{38BF8083-16ED-4771-B690-75B48F618F4F}.Test5|x86.Build.0 = Debug|x86
		{38BF8083-16ED-4771-B690-75B48F618F4F}.Test5|x86.Deploy.0 = Debug|x86
		{38BF8083-16ED-4771-B690-75B48F618F4F}.Test6|ARM.ActiveCfg = Debug|ARM
		{38BF8083-16ED-4771-B690-75B48F618F4F}.Test6|ARM.Build.0 = Debug|ARM
		{38BF8083-16ED-4771-B690-75B48F618F4F}.Test6|ARM.Deploy.0 = Debug|ARM
		{38BF8083-16ED-4771-B690-75B48F618F4F}.Test6|ARM64.ActiveCfg = Debug|ARM64
		{38BF8083-16ED-4771-B690-75B48F618F4F}.Test6|ARM64.Build.0 = Debug|ARM64
		{38BF8083-16ED-4771-B690-75B48F618F4F}.Test6|ARM64.Deploy.0 = Debug|ARM64
		{38BF8083-16ED-4771-B690-75B48F618F4F}.Test6|x64.ActiveCfg = Debug|x64
		{38BF8083-16ED-4771-B690-75B48F618F4F}.Test6|x64.Build.0 = Debug|x64
		{38BF8083-16ED-4771-B690-75B48F618F4F}.Test6|x64.Deploy.0 = Debug|x64
		{38BF8083-16ED-4771-B690-75B48F618F4F}.Test6|x86.ActiveCfg = Debug|x86
		{38BF8083-16ED-4771-B690-75B48F618F4F}.Test6|x86.Build.0 = Debug|x86
		{38BF8083-16ED-4771-B690-75B48F618F4F}.Test6|x86.Deploy.0 = Debug|x86
		{38BF8083-16ED-4771-B690-75B48F618F4F}.Test7|ARM.ActiveCfg = Debug|ARM
		{38BF8083-16ED-4771-B690-75B48F618F4F}.Test7|ARM.Build.0 = Debug|ARM
		{38BF8083-16ED-4771-B690-75B48F618F4F}.Test7|ARM.Deploy.0 = Debug|ARM
		{38BF8083-16ED-4771-B690-75B48F618F4F}.Test7|ARM64.ActiveCfg = Debug|ARM64
		{38BF8083-16ED-4771-B690-75B48F618F4F}.Test7|ARM64.Build.0 = Debug|ARM64
		{38BF8083-16ED-4771-B690-75B48F618F4F}.Test7|ARM64.Deploy.0 = Debug|ARM64
		{38BF8083-16ED-4771-B690-75B48F618F4F}.Test7|x64.ActiveCfg = Debug|x64
		{38BF8083-16ED-4771-B690-75B48F618F4F}.Test7|x64.Build.0 = Debug|x64
		{38BF8083-16ED-4771-B690-75B48F618F4F}.Test7|x64.Deploy.0 = Debug|x64
		{38BF8083-16ED-4771-B690-75B48F618F4F}.Test7|x86.ActiveCfg = Debug|x86
		{38BF8083-16ED-4771-B690-75B48F618F4F}.Test7|x86.Build.0 = Debug|x86
		{38BF8083-16ED-4771-B690-75B48F618F4F}.Test7|x86.Deploy.0 = Debug|x86
		{38BF8083-16ED-4771-B690-75B48F618F4F}.Test8|ARM.ActiveCfg = Debug|ARM
		{38BF8083-16ED-4771-B690-75B48F618F4F}.Test8|ARM.Build.0 = Debug|ARM
		{38BF8083-16ED-4771-B690-75B48F618F4F}.Test8|ARM.Deploy.0 = Debug|ARM
		{38BF8083-16ED-4771-B690-75B48F618F4F}.Test8|ARM64.ActiveCfg = Debug|ARM64
		{38BF8083-16ED-4771-B690-75B48F618F4F}.Test8|ARM64.Build.0 = Debug|ARM64
		{38BF8083-16ED-4771-B690-75B48F618F4F}.Test8|ARM64.Deploy.0 = Debug|ARM64
		{38BF8083-16ED-4771-B690-75B48F618F4F}.Test8|x64.ActiveCfg = Debug|x64
		{38BF8083-16ED-4771-B690-75B48F618F4F}.Test8|x64.Build.0 = Debug|x64
		{38BF8083-16ED-4771-B690-75B48F618F4F}.Test8|x64.Deploy.0 = Debug|x64
		{38BF8083-16ED-4771-B690-75B48F618F4F}.Test8|x86.ActiveCfg = Debug|x86
		{38BF8083-16ED-4771-B690-75B48F618F4F}.Test8|x86.Build.0 = Debug|x86
		{38BF8083-16ED-4771-B690-75B48F618F4F}.Test8|x86.Deploy.0 = Debug|x86
		{38BF8083-16ED-4771-B690-75B48F618F4F}.Test9|ARM.ActiveCfg = Debug|ARM
		{38BF8083-16ED-4771-B690-75B48F618F4F}.Test9|ARM.Build.0 = Debug|ARM
		{38BF8083-16ED-4771-B690-75B48F618F4F}.Test9|ARM.Deploy.0 = Debug|ARM
		{38BF8083-16ED-4771-B690-75B48F618F4F}.Test9|ARM64.ActiveCfg = Debug|ARM64
		{38BF8083-16ED-4771-B690-75B48F618F4F}.Test9|ARM64.Build.0 = Debug|ARM64
		{38BF8083-16ED-4771-B690-75B48F618F4F}.Test9|ARM64.Deploy.0 = Debug|ARM64
		{38BF8083-16ED-4771-B690-75B48F618F4F}.Test9|x64.ActiveCfg = Debug|x64
		{38BF8083-16ED-4771-B690-75B48F618F4F}.Test9|x64.Build.0 = Debug|x64
		{38BF8083-16ED-4771-B690-75B48F618F4F}.Test9|x64.Deploy.0 = Debug|x64
		{38BF8083-16ED-4771-B690-75B48F618F4F}.Test9|x86.ActiveCfg = Debug|x86
		{38BF8083-16ED-4771-B690-75B48F618F4F}.Test9|x86.Build.0 = Debug|x86
		{38BF8083-16ED-4771-B690-75B48F618F4F}.Test9|x86.Deploy.0 = Debug|x86
		{38BF8083-16ED-4771-B690-75B48F618F4F}.WHATIF|ARM.ActiveCfg = Debug|ARM
		{38BF8083-16ED-4771-B690-75B48F618F4F}.WHATIF|ARM.Build.0 = Debug|ARM
		{38BF8083-16ED-4771-B690-75B48F618F4F}.WHATIF|ARM.Deploy.0 = Debug|ARM
		{38BF8083-16ED-4771-B690-75B48F618F4F}.WHATIF|ARM64.ActiveCfg = Debug|ARM64
		{38BF8083-16ED-4771-B690-75B48F618F4F}.WHATIF|ARM64.Build.0 = Debug|ARM64
		{38BF8083-16ED-4771-B690-75B48F618F4F}.WHATIF|ARM64.Deploy.0 = Debug|ARM64
		{38BF8083-16ED-4771-B690-75B48F618F4F}.WHATIF|x64.ActiveCfg = Debug|x64
		{38BF8083-16ED-4771-B690-75B48F618F4F}.WHATIF|x64.Build.0 = Debug|x64
		{38BF8083-16ED-4771-B690-75B48F618F4F}.WHATIF|x64.Deploy.0 = Debug|x64
		{38BF8083-16ED-4771-B690-75B48F618F4F}.WHATIF|x86.ActiveCfg = Debug|x86
		{38BF8083-16ED-4771-B690-75B48F618F4F}.WHATIF|x86.Build.0 = Debug|x86
		{38BF8083-16ED-4771-B690-75B48F618F4F}.WHATIF|x86.Deploy.0 = Debug|x86
	EndGlobalSection
	GlobalSection(SolutionProperties) = preSolution
		HideSolutionNode = FALSE
	EndGlobalSection
	GlobalSection(ExtensibilityGlobals) = postSolution
		SolutionGuid = {868E7C25-DA0A-47C9-8BD2-6EB0A41ACBEB}
	EndGlobalSection
EndGlobal
